PODS:
  - FBSnapshotTestCase (2.1.1):
    - FBSnapshotTestCase/SwiftSupport (= 2.1.1)
  - FBSnapshotTestCase/Core (2.1.1)
  - FBSnapshotTestCase/SwiftSupport (2.1.1):
    - FBSnapshotTestCase/Core

DEPENDENCIES:
  - FBSnapshotTestCase (~> 2.1.1)

SPEC CHECKSUMS:
  FBSnapshotTestCase: 432afd8d059ccef7f207225894840a03fbcf7474

PODFILE CHECKSUM: 27382c9ab9e92865893411a80b12e6af85ec7598

COCOAPODS: 1.0.1
