PODS:
  - FBSnapshotTestCase (2.1.1):
    - FBSnapshotTestCase/SwiftSupport (= 2.1.1)
  - FBSnapshotTestCase/Core (2.1.1)
  - FBSnapshotTestCase/SwiftSupport (2.1.1):
    - FBSnapshotTestCase/Core

DEPENDENCIES:
  - FBSnapshotTestCase (~> 2.1.1)

SPEC CHECKSUMS:
  FBSnapshotTestCase: 432afd8d059ccef7f207225894840a03fbcf7474

PODFILE CHECKSUM: 774ff8e220590fc6514475fd878e763978074021

COCOAPODS: 1.0.0
