// !$*UTF8*$!
{
	archiveVersion = 1;
	classes = {
	};
	objectVersion = 46;
	objects = {

/* Begin PBXBuildFile section */
		1F67A1115079BBC40B299CF2 /* Pods_KernLabelTests.framework in Frameworks */ = {isa = PBXBuildFile; fileRef = DA3E0C90B8A074A9644E40E9 /* Pods_KernLabelTests.framework */; };
		4D74810D1CF6AE5A0036B932 /* NSMutableAttributedString+Extension.swift in Sources */ = {isa = PBXBuildFile; fileRef = 4D74810C1CF6AE5A0036B932 /* NSMutableAttributedString+Extension.swift */; };
		4D7481101CF6AF080036B932 /* NSAttributedString+Extension.swift in Sources */ = {isa = PBXBuildFile; fileRef = 4D74810F1CF6AF080036B932 /* NSAttributedString+Extension.swift */; };
		4D7481121CF6AF370036B932 /* String+Extension.swift in Sources */ = {isa = PBXBuildFile; fileRef = 4D7481111CF6AF370036B932 /* String+Extension.swift */; };
		5A2152661CF5C71D00C136A4 /* Type.swift in Sources */ = {isa = PBXBuildFile; fileRef = 5A2152651CF5C71D00C136A4 /* Type.swift */; };
		5A4C39341D1BFFF3009DEB65 /* KernLabelTests.swift in Sources */ = {isa = PBXBuildFile; fileRef = 5A4C39331D1BFFF3009DEB65 /* KernLabelTests.swift */; };
		5A4C39361D1BFFF3009DEB65 /* KernLabel.framework in Frameworks */ = {isa = PBXBuildFile; fileRef = 5ABC40B51CF539C200CC65A2 /* KernLabel.framework */; };
		5A4C393E1D1C0C8A009DEB65 /* KernTypeStringTests.swift in Sources */ = {isa = PBXBuildFile; fileRef = 5A4C393D1D1C0C8A009DEB65 /* KernTypeStringTests.swift */; };
		5A4C39401D1C0CC3009DEB65 /* TestSettings.swift in Sources */ = {isa = PBXBuildFile; fileRef = 5A4C393F1D1C0CC3009DEB65 /* TestSettings.swift */; };
		5A53A3701CFF2A9600F05432 /* KernTypeString.swift in Sources */ = {isa = PBXBuildFile; fileRef = 5A53A36F1CFF2A9600F05432 /* KernTypeString.swift */; };
		5ABC40B91CF539C200CC65A2 /* KernLabel.h in Headers */ = {isa = PBXBuildFile; fileRef = 5ABC40B81CF539C200CC65A2 /* KernLabel.h */; settings = {ATTRIBUTES = (Public, ); }; };
		5ABC41031CF57C5000CC65A2 /* KernLabel.swift in Sources */ = {isa = PBXBuildFile; fileRef = 5ABC41021CF57C5000CC65A2 /* KernLabel.swift */; };
/* End PBXBuildFile section */

/* Begin PBXContainerItemProxy section */
		5A4C39371D1BFFF3009DEB65 /* PBXContainerItemProxy */ = {
			isa = PBXContainerItemProxy;
			containerPortal = 5ABC40AC1CF539C200CC65A2 /* Project object */;
			proxyType = 1;
			remoteGlobalIDString = 5ABC40B41CF539C200CC65A2;
			remoteInfo = KernLabel;
		};
/* End PBXContainerItemProxy section */

/* Begin PBXFileReference section */
		4D74810C1CF6AE5A0036B932 /* NSMutableAttributedString+Extension.swift */ = {isa = PBXFileReference; fileEncoding = 4; lastKnownFileType = sourcecode.swift; name = "NSMutableAttributedString+Extension.swift"; path = "Extensions/NSMutableAttributedString+Extension.swift"; sourceTree = "<group>"; };
		4D74810F1CF6AF080036B932 /* NSAttributedString+Extension.swift */ = {isa = PBXFileReference; fileEncoding = 4; lastKnownFileType = sourcecode.swift; name = "NSAttributedString+Extension.swift"; path = "Extensions/NSAttributedString+Extension.swift"; sourceTree = "<group>"; };
		4D7481111CF6AF370036B932 /* String+Extension.swift */ = {isa = PBXFileReference; fileEncoding = 4; lastKnownFileType = sourcecode.swift; name = "String+Extension.swift"; path = "Extensions/String+Extension.swift"; sourceTree = "<group>"; };
		5A2152651CF5C71D00C136A4 /* Type.swift */ = {isa = PBXFileReference; fileEncoding = 4; lastKnownFileType = sourcecode.swift; path = Type.swift; sourceTree = "<group>"; };
		5A4C39311D1BFFF3009DEB65 /* KernLabelTests.xctest */ = {isa = PBXFileReference; explicitFileType = wrapper.cfbundle; includeInIndex = 0; path = KernLabelTests.xctest; sourceTree = BUILT_PRODUCTS_DIR; };
		5A4C39331D1BFFF3009DEB65 /* KernLabelTests.swift */ = {isa = PBXFileReference; lastKnownFileType = sourcecode.swift; path = KernLabelTests.swift; sourceTree = "<group>"; };
		5A4C39351D1BFFF3009DEB65 /* Info.plist */ = {isa = PBXFileReference; lastKnownFileType = text.plist.xml; path = Info.plist; sourceTree = "<group>"; };
		5A4C393D1D1C0C8A009DEB65 /* KernTypeStringTests.swift */ = {isa = PBXFileReference; fileEncoding = 4; lastKnownFileType = sourcecode.swift; path = KernTypeStringTests.swift; sourceTree = "<group>"; };
		5A4C393F1D1C0CC3009DEB65 /* TestSettings.swift */ = {isa = PBXFileReference; fileEncoding = 4; lastKnownFileType = sourcecode.swift; path = TestSettings.swift; sourceTree = "<group>"; };
		5A53A36F1CFF2A9600F05432 /* KernTypeString.swift */ = {isa = PBXFileReference; fileEncoding = 4; lastKnownFileType = sourcecode.swift; path = KernTypeString.swift; sourceTree = "<group>"; };
		5ABC40B51CF539C200CC65A2 /* KernLabel.framework */ = {isa = PBXFileReference; explicitFileType = wrapper.framework; includeInIndex = 0; path = KernLabel.framework; sourceTree = BUILT_PRODUCTS_DIR; };
		5ABC40B81CF539C200CC65A2 /* KernLabel.h */ = {isa = PBXFileReference; lastKnownFileType = sourcecode.c.h; path = KernLabel.h; sourceTree = "<group>"; };
		5ABC40BA1CF539C200CC65A2 /* Info.plist */ = {isa = PBXFileReference; lastKnownFileType = text.plist.xml; path = Info.plist; sourceTree = "<group>"; };
		5ABC41021CF57C5000CC65A2 /* KernLabel.swift */ = {isa = PBXFileReference; fileEncoding = 4; lastKnownFileType = sourcecode.swift; path = KernLabel.swift; sourceTree = "<group>"; };
		AE9FA911F15572EC55D9F8B6 /* Pods-KernLabelTests.release.xcconfig */ = {isa = PBXFileReference; includeInIndex = 1; lastKnownFileType = text.xcconfig; name = "Pods-KernLabelTests.release.xcconfig"; path = "../Pods/Target Support Files/Pods-KernLabelTests/Pods-KernLabelTests.release.xcconfig"; sourceTree = "<group>"; };
		C9D666A038950CD68BBE36A1 /* Pods-KernLabelTests.debug.xcconfig */ = {isa = PBXFileReference; includeInIndex = 1; lastKnownFileType = text.xcconfig; name = "Pods-KernLabelTests.debug.xcconfig"; path = "../Pods/Target Support Files/Pods-KernLabelTests/Pods-KernLabelTests.debug.xcconfig"; sourceTree = "<group>"; };
		DA3E0C90B8A074A9644E40E9 /* Pods_KernLabelTests.framework */ = {isa = PBXFileReference; explicitFileType = wrapper.framework; includeInIndex = 0; path = Pods_KernLabelTests.framework; sourceTree = BUILT_PRODUCTS_DIR; };
/* End PBXFileReference section */

/* Begin PBXFrameworksBuildPhase section */
		5A4C392E1D1BFFF3009DEB65 /* Frameworks */ = {
			isa = PBXFrameworksBuildPhase;
			buildActionMask = 2147483647;
			files = (
				5A4C39361D1BFFF3009DEB65 /* KernLabel.framework in Frameworks */,
				1F67A1115079BBC40B299CF2 /* Pods_KernLabelTests.framework in Frameworks */,
			);
			runOnlyForDeploymentPostprocessing = 0;
		};
		5ABC40B11CF539C200CC65A2 /* Frameworks */ = {
			isa = PBXFrameworksBuildPhase;
			buildActionMask = 2147483647;
			files = (
			);
			runOnlyForDeploymentPostprocessing = 0;
		};
/* End PBXFrameworksBuildPhase section */

/* Begin PBXGroup section */
		4D74810E1CF6AE6C0036B932 /* Extensions */ = {
			isa = PBXGroup;
			children = (
				4D74810C1CF6AE5A0036B932 /* NSMutableAttributedString+Extension.swift */,
				4D7481111CF6AF370036B932 /* String+Extension.swift */,
				4D74810F1CF6AF080036B932 /* NSAttributedString+Extension.swift */,
			);
			name = Extensions;
			sourceTree = "<group>";
		};
		5A4C39321D1BFFF3009DEB65 /* KernLabelTests */ = {
			isa = PBXGroup;
			children = (
				5A4C39331D1BFFF3009DEB65 /* KernLabelTests.swift */,
				5A4C393D1D1C0C8A009DEB65 /* KernTypeStringTests.swift */,
				5A4C393F1D1C0CC3009DEB65 /* TestSettings.swift */,
				5A4C39351D1BFFF3009DEB65 /* Info.plist */,
			);
			path = KernLabelTests;
			sourceTree = "<group>";
		};
		5ABC40AB1CF539C200CC65A2 = {
			isa = PBXGroup;
			children = (
				5ABC40B71CF539C200CC65A2 /* KernLabel */,
				5A4C39321D1BFFF3009DEB65 /* KernLabelTests */,
				5ABC40B61CF539C200CC65A2 /* Products */,
				5F35E068665B90029AAD069C /* Pods */,
				AAF0913BFF85A90F031323A1 /* Frameworks */,
			);
			sourceTree = "<group>";
		};
		5ABC40B61CF539C200CC65A2 /* Products */ = {
			isa = PBXGroup;
			children = (
				5ABC40B51CF539C200CC65A2 /* KernLabel.framework */,
				5A4C39311D1BFFF3009DEB65 /* KernLabelTests.xctest */,
			);
			name = Products;
			sourceTree = "<group>";
		};
		5ABC40B71CF539C200CC65A2 /* KernLabel */ = {
			isa = PBXGroup;
			children = (
				5ABC40B81CF539C200CC65A2 /* KernLabel.h */,
				5ABC41021CF57C5000CC65A2 /* KernLabel.swift */,
				5A2152651CF5C71D00C136A4 /* Type.swift */,
				5A53A36F1CFF2A9600F05432 /* KernTypeString.swift */,
				4D74810E1CF6AE6C0036B932 /* Extensions */,
				5ABC40BA1CF539C200CC65A2 /* Info.plist */,
			);
			path = KernLabel;
			sourceTree = "<group>";
		};
		5F35E068665B90029AAD069C /* Pods */ = {
			isa = PBXGroup;
			children = (
				C9D666A038950CD68BBE36A1 /* Pods-KernLabelTests.debug.xcconfig */,
				AE9FA911F15572EC55D9F8B6 /* Pods-KernLabelTests.release.xcconfig */,
			);
			name = Pods;
			sourceTree = "<group>";
		};
		AAF0913BFF85A90F031323A1 /* Frameworks */ = {
			isa = PBXGroup;
			children = (
				DA3E0C90B8A074A9644E40E9 /* Pods_KernLabelTests.framework */,
			);
			name = Frameworks;
			sourceTree = "<group>";
		};
/* End PBXGroup section */

/* Begin PBXHeadersBuildPhase section */
		5ABC40B21CF539C200CC65A2 /* Headers */ = {
			isa = PBXHeadersBuildPhase;
			buildActionMask = 2147483647;
			files = (
				5ABC40B91CF539C200CC65A2 /* KernLabel.h in Headers */,
			);
			runOnlyForDeploymentPostprocessing = 0;
		};
/* End PBXHeadersBuildPhase section */

/* Begin PBXNativeTarget section */
		5A4C39301D1BFFF3009DEB65 /* KernLabelTests */ = {
			isa = PBXNativeTarget;
			buildConfigurationList = 5A4C393B1D1BFFF3009DEB65 /* Build configuration list for PBXNativeTarget "KernLabelTests" */;
			buildPhases = (
				E49D3CC10086D2741DFF9CB2 /* [CP] Check Pods Manifest.lock */,
				5A4C392D1D1BFFF3009DEB65 /* Sources */,
				5A4C392E1D1BFFF3009DEB65 /* Frameworks */,
				5A4C392F1D1BFFF3009DEB65 /* Resources */,
				C48D02753DA52A0EF3BD093A /* [CP] Embed Pods Frameworks */,
				FF32FD500AFA2800E3F7B4B3 /* [CP] Copy Pods Resources */,
			);
			buildRules = (
			);
			dependencies = (
				5A4C39381D1BFFF3009DEB65 /* PBXTargetDependency */,
			);
			name = KernLabelTests;
			productName = KernLabelTests;
			productReference = 5A4C39311D1BFFF3009DEB65 /* KernLabelTests.xctest */;
			productType = "com.apple.product-type.bundle.unit-test";
		};
		5ABC40B41CF539C200CC65A2 /* KernLabel */ = {
			isa = PBXNativeTarget;
			buildConfigurationList = 5ABC40BD1CF539C200CC65A2 /* Build configuration list for PBXNativeTarget "KernLabel" */;
			buildPhases = (
				5ABC40B01CF539C200CC65A2 /* Sources */,
				5ABC40B11CF539C200CC65A2 /* Frameworks */,
				5ABC40B21CF539C200CC65A2 /* Headers */,
				5ABC40B31CF539C200CC65A2 /* Resources */,
			);
			buildRules = (
			);
			dependencies = (
			);
			name = KernLabel;
			productName = KernLabel;
			productReference = 5ABC40B51CF539C200CC65A2 /* KernLabel.framework */;
			productType = "com.apple.product-type.framework";
		};
/* End PBXNativeTarget section */

/* Begin PBXProject section */
		5ABC40AC1CF539C200CC65A2 /* Project object */ = {
			isa = PBXProject;
			attributes = {
				LastSwiftUpdateCheck = 0730;
				LastUpgradeCheck = 0800;
				ORGANIZATIONNAME = "Taishi Ikai";
				TargetAttributes = {
					5A4C39301D1BFFF3009DEB65 = {
						CreatedOnToolsVersion = 7.3.1;
						LastSwiftMigration = 0800;
					};
					5ABC40B41CF539C200CC65A2 = {
						CreatedOnToolsVersion = 7.3.1;
						LastSwiftMigration = 0800;
					};
				};
			};
			buildConfigurationList = 5ABC40AF1CF539C200CC65A2 /* Build configuration list for PBXProject "KernLabel" */;
			compatibilityVersion = "Xcode 3.2";
			developmentRegion = English;
			hasScannedForEncodings = 0;
			knownRegions = (
				en,
			);
			mainGroup = 5ABC40AB1CF539C200CC65A2;
			productRefGroup = 5ABC40B61CF539C200CC65A2 /* Products */;
			projectDirPath = "";
			projectRoot = "";
			targets = (
				5ABC40B41CF539C200CC65A2 /* KernLabel */,
				5A4C39301D1BFFF3009DEB65 /* KernLabelTests */,
			);
		};
/* End PBXProject section */

/* Begin PBXResourcesBuildPhase section */
		5A4C392F1D1BFFF3009DEB65 /* Resources */ = {
			isa = PBXResourcesBuildPhase;
			buildActionMask = 2147483647;
			files = (
			);
			runOnlyForDeploymentPostprocessing = 0;
		};
		5ABC40B31CF539C200CC65A2 /* Resources */ = {
			isa = PBXResourcesBuildPhase;
			buildActionMask = 2147483647;
			files = (
			);
			runOnlyForDeploymentPostprocessing = 0;
		};
/* End PBXResourcesBuildPhase section */

/* Begin PBXShellScriptBuildPhase section */
		C48D02753DA52A0EF3BD093A /* [CP] Embed Pods Frameworks */ = {
			isa = PBXShellScriptBuildPhase;
			buildActionMask = 2147483647;
			files = (
			);
			inputPaths = (
			);
			name = "[CP] Embed Pods Frameworks";
			outputPaths = (
			);
			runOnlyForDeploymentPostprocessing = 0;
			shellPath = /bin/sh;
			shellScript = "\"${SRCROOT}/../Pods/Target Support Files/Pods-KernLabelTests/Pods-KernLabelTests-frameworks.sh\"\n";
			showEnvVarsInLog = 0;
		};
		E49D3CC10086D2741DFF9CB2 /* [CP] Check Pods Manifest.lock */ = {
			isa = PBXShellScriptBuildPhase;
			buildActionMask = 2147483647;
			files = (
			);
			inputPaths = (
			);
			name = "[CP] Check Pods Manifest.lock";
			outputPaths = (
			);
			runOnlyForDeploymentPostprocessing = 0;
			shellPath = /bin/sh;
			shellScript = "diff \"${PODS_ROOT}/../Podfile.lock\" \"${PODS_ROOT}/Manifest.lock\" > /dev/null\nif [[ $? != 0 ]] ; then\n    cat << EOM\nerror: The sandbox is not in sync with the Podfile.lock. Run 'pod install' or update your CocoaPods installation.\nEOM\n    exit 1\nfi\n";
			showEnvVarsInLog = 0;
		};
		FF32FD500AFA2800E3F7B4B3 /* [CP] Copy Pods Resources */ = {
			isa = PBXShellScriptBuildPhase;
			buildActionMask = 2147483647;
			files = (
			);
			inputPaths = (
			);
			name = "[CP] Copy Pods Resources";
			outputPaths = (
			);
			runOnlyForDeploymentPostprocessing = 0;
			shellPath = /bin/sh;
			shellScript = "\"${SRCROOT}/../Pods/Target Support Files/Pods-KernLabelTests/Pods-KernLabelTests-resources.sh\"\n";
			showEnvVarsInLog = 0;
		};
/* End PBXShellScriptBuildPhase section */

/* Begin PBXSourcesBuildPhase section */
		5A4C392D1D1BFFF3009DEB65 /* Sources */ = {
			isa = PBXSourcesBuildPhase;
			buildActionMask = 2147483647;
			files = (
				5A4C39401D1C0CC3009DEB65 /* TestSettings.swift in Sources */,
				5A4C39341D1BFFF3009DEB65 /* KernLabelTests.swift in Sources */,
				5A4C393E1D1C0C8A009DEB65 /* KernTypeStringTests.swift in Sources */,
			);
			runOnlyForDeploymentPostprocessing = 0;
		};
		5ABC40B01CF539C200CC65A2 /* Sources */ = {
			isa = PBXSourcesBuildPhase;
			buildActionMask = 2147483647;
			files = (
				4D74810D1CF6AE5A0036B932 /* NSMutableAttributedString+Extension.swift in Sources */,
				5A53A3701CFF2A9600F05432 /* KernTypeString.swift in Sources */,
				4D7481101CF6AF080036B932 /* NSAttributedString+Extension.swift in Sources */,
				5ABC41031CF57C5000CC65A2 /* KernLabel.swift in Sources */,
				4D7481121CF6AF370036B932 /* String+Extension.swift in Sources */,
				5A2152661CF5C71D00C136A4 /* Type.swift in Sources */,
			);
			runOnlyForDeploymentPostprocessing = 0;
		};
/* End PBXSourcesBuildPhase section */

/* Begin PBXTargetDependency section */
		5A4C39381D1BFFF3009DEB65 /* PBXTargetDependency */ = {
			isa = PBXTargetDependency;
			target = 5ABC40B41CF539C200CC65A2 /* KernLabel */;
			targetProxy = 5A4C39371D1BFFF3009DEB65 /* PBXContainerItemProxy */;
		};
/* End PBXTargetDependency section */

/* Begin XCBuildConfiguration section */
		5A4C39391D1BFFF3009DEB65 /* Debug */ = {
			isa = XCBuildConfiguration;
			baseConfigurationReference = C9D666A038950CD68BBE36A1 /* Pods-KernLabelTests.debug.xcconfig */;
			buildSettings = {
				ALWAYS_EMBED_SWIFT_STANDARD_LIBRARIES = YES;
				DEBUG_INFORMATION_FORMAT = "dwarf-with-dsym";
				INFOPLIST_FILE = KernLabelTests/Info.plist;
				IPHONEOS_DEPLOYMENT_TARGET = 8.0;
				LD_RUNPATH_SEARCH_PATHS = "$(inherited) @executable_path/Frameworks @loader_path/Frameworks";
				PRODUCT_BUNDLE_IDENTIFIER = tokyo.ikai.KernLabelTests;
				PRODUCT_NAME = "$(TARGET_NAME)";
				SWIFT_VERSION = 3.0;
			};
			name = Debug;
		};
		5A4C393A1D1BFFF3009DEB65 /* Release */ = {
			isa = XCBuildConfiguration;
			baseConfigurationReference = AE9FA911F15572EC55D9F8B6 /* Pods-KernLabelTests.release.xcconfig */;
			buildSettings = {
				ALWAYS_EMBED_SWIFT_STANDARD_LIBRARIES = YES;
				DEBUG_INFORMATION_FORMAT = "dwarf-with-dsym";
				INFOPLIST_FILE = KernLabelTests/Info.plist;
				IPHONEOS_DEPLOYMENT_TARGET = 8.0;
				LD_RUNPATH_SEARCH_PATHS = "$(inherited) @executable_path/Frameworks @loader_path/Frameworks";
				PRODUCT_BUNDLE_IDENTIFIER = tokyo.ikai.KernLabelTests;
				PRODUCT_NAME = "$(TARGET_NAME)";
				SWIFT_VERSION = 3.0;
			};
			name = Release;
		};
		5ABC40BB1CF539C200CC65A2 /* Debug */ = {
			isa = XCBuildConfiguration;
			buildSettings = {
				ALWAYS_SEARCH_USER_PATHS = NO;
				CLANG_ANALYZER_NONNULL = YES;
				CLANG_CXX_LANGUAGE_STANDARD = "gnu++0x";
				CLANG_CXX_LIBRARY = "libc++";
				CLANG_ENABLE_MODULES = YES;
				CLANG_ENABLE_OBJC_ARC = YES;
				CLANG_WARN_BOOL_CONVERSION = YES;
				CLANG_WARN_CONSTANT_CONVERSION = YES;
				CLANG_WARN_DIRECT_OBJC_ISA_USAGE = YES_ERROR;
				CLANG_WARN_EMPTY_BODY = YES;
				CLANG_WARN_ENUM_CONVERSION = YES;
				CLANG_WARN_INFINITE_RECURSION = YES;
				CLANG_WARN_INT_CONVERSION = YES;
				CLANG_WARN_OBJC_ROOT_CLASS = YES_ERROR;
				CLANG_WARN_SUSPICIOUS_MOVE = YES;
				CLANG_WARN_UNREACHABLE_CODE = YES;
				CLANG_WARN__DUPLICATE_METHOD_MATCH = YES;
				"CODE_SIGN_IDENTITY[sdk=iphoneos*]" = "iPhone Developer";
				COPY_PHASE_STRIP = NO;
				CURRENT_PROJECT_VERSION = 1;
				DEBUG_INFORMATION_FORMAT = "dwarf-with-dsym";
				ENABLE_STRICT_OBJC_MSGSEND = YES;
				ENABLE_TESTABILITY = YES;
				GCC_C_LANGUAGE_STANDARD = gnu99;
				GCC_DYNAMIC_NO_PIC = NO;
				GCC_NO_COMMON_BLOCKS = YES;
				GCC_OPTIMIZATION_LEVEL = 0;
				GCC_PREPROCESSOR_DEFINITIONS = (
					"DEBUG=1",
					"$(inherited)",
				);
				GCC_WARN_64_TO_32_BIT_CONVERSION = YES;
				GCC_WARN_ABOUT_RETURN_TYPE = YES_ERROR;
				GCC_WARN_UNDECLARED_SELECTOR = YES;
				GCC_WARN_UNINITIALIZED_AUTOS = YES_AGGRESSIVE;
				GCC_WARN_UNUSED_FUNCTION = YES;
				GCC_WARN_UNUSED_VARIABLE = YES;
				IPHONEOS_DEPLOYMENT_TARGET = 8.0;
				MTL_ENABLE_DEBUG_INFO = YES;
				ONLY_ACTIVE_ARCH = YES;
				SDKROOT = iphoneos;
				SWIFT_OPTIMIZATION_LEVEL = "-Onone";
				TARGETED_DEVICE_FAMILY = "1,2";
				VERSIONING_SYSTEM = "apple-generic";
				VERSION_INFO_PREFIX = "";
			};
			name = Debug;
		};
		5ABC40BC1CF539C200CC65A2 /* Release */ = {
			isa = XCBuildConfiguration;
			buildSettings = {
				ALWAYS_SEARCH_USER_PATHS = NO;
				CLANG_ANALYZER_NONNULL = YES;
				CLANG_CXX_LANGUAGE_STANDARD = "gnu++0x";
				CLANG_CXX_LIBRARY = "libc++";
				CLANG_ENABLE_MODULES = YES;
				CLANG_ENABLE_OBJC_ARC = YES;
				CLANG_WARN_BOOL_CONVERSION = YES;
				CLANG_WARN_CONSTANT_CONVERSION = YES;
				CLANG_WARN_DIRECT_OBJC_ISA_USAGE = YES_ERROR;
				CLANG_WARN_EMPTY_BODY = YES;
				CLANG_WARN_ENUM_CONVERSION = YES;
				CLANG_WARN_INFINITE_RECURSION = YES;
				CLANG_WARN_INT_CONVERSION = YES;
				CLANG_WARN_OBJC_ROOT_CLASS = YES_ERROR;
				CLANG_WARN_SUSPICIOUS_MOVE = YES;
				CLANG_WARN_UNREACHABLE_CODE = YES;
				CLANG_WARN__DUPLICATE_METHOD_MATCH = YES;
				"CODE_SIGN_IDENTITY[sdk=iphoneos*]" = "iPhone Developer";
				COPY_PHASE_STRIP = NO;
				CURRENT_PROJECT_VERSION = 1;
				DEBUG_INFORMATION_FORMAT = "dwarf-with-dsym";
				ENABLE_NS_ASSERTIONS = NO;
				ENABLE_STRICT_OBJC_MSGSEND = YES;
				GCC_C_LANGUAGE_STANDARD = gnu99;
				GCC_NO_COMMON_BLOCKS = YES;
				GCC_WARN_64_TO_32_BIT_CONVERSION = YES;
				GCC_WARN_ABOUT_RETURN_TYPE = YES_ERROR;
				GCC_WARN_UNDECLARED_SELECTOR = YES;
				GCC_WARN_UNINITIALIZED_AUTOS = YES_AGGRESSIVE;
				GCC_WARN_UNUSED_FUNCTION = YES;
				GCC_WARN_UNUSED_VARIABLE = YES;
				IPHONEOS_DEPLOYMENT_TARGET = 8.0;
				MTL_ENABLE_DEBUG_INFO = NO;
				SDKROOT = iphoneos;
				SWIFT_OPTIMIZATION_LEVEL = "-Owholemodule";
				TARGETED_DEVICE_FAMILY = "1,2";
				VALIDATE_PRODUCT = YES;
				VERSIONING_SYSTEM = "apple-generic";
				VERSION_INFO_PREFIX = "";
			};
			name = Release;
		};
		5ABC40BE1CF539C200CC65A2 /* Debug */ = {
			isa = XCBuildConfiguration;
			buildSettings = {
				CLANG_ENABLE_MODULES = YES;
				"CODE_SIGN_IDENTITY[sdk=iphoneos*]" = "";
				DEFINES_MODULE = YES;
				DYLIB_COMPATIBILITY_VERSION = 1;
				DYLIB_CURRENT_VERSION = 1;
				DYLIB_INSTALL_NAME_BASE = "@rpath";
				INFOPLIST_FILE = KernLabel/Info.plist;
				INSTALL_PATH = "$(LOCAL_LIBRARY_DIR)/Frameworks";
				IPHONEOS_DEPLOYMENT_TARGET = 8.0;
				LD_RUNPATH_SEARCH_PATHS = "$(inherited) @executable_path/Frameworks @loader_path/Frameworks";
				PRODUCT_BUNDLE_IDENTIFIER = tokyo.ikai.KernLabel;
				PRODUCT_NAME = "$(TARGET_NAME)";
				SKIP_INSTALL = YES;
				SWIFT_OPTIMIZATION_LEVEL = "-Onone";
				SWIFT_VERSION = 3.0;
			};
			name = Debug;
		};
		5ABC40BF1CF539C200CC65A2 /* Release */ = {
			isa = XCBuildConfiguration;
			buildSettings = {
				CLANG_ENABLE_MODULES = YES;
				"CODE_SIGN_IDENTITY[sdk=iphoneos*]" = "";
				DEFINES_MODULE = YES;
				DYLIB_COMPATIBILITY_VERSION = 1;
				DYLIB_CURRENT_VERSION = 1;
				DYLIB_INSTALL_NAME_BASE = "@rpath";
				INFOPLIST_FILE = KernLabel/Info.plist;
				INSTALL_PATH = "$(LOCAL_LIBRARY_DIR)/Frameworks";
				IPHONEOS_DEPLOYMENT_TARGET = 8.0;
				LD_RUNPATH_SEARCH_PATHS = "$(inherited) @executable_path/Frameworks @loader_path/Frameworks";
				PRODUCT_BUNDLE_IDENTIFIER = tokyo.ikai.KernLabel;
				PRODUCT_NAME = "$(TARGET_NAME)";
				SKIP_INSTALL = YES;
				SWIFT_VERSION = 3.0;
			};
			name = Release;
		};
/* End XCBuildConfiguration section */

/* Begin XCConfigurationList section */
		5A4C393B1D1BFFF3009DEB65 /* Build configuration list for PBXNativeTarget "KernLabelTests" */ = {
			isa = XCConfigurationList;
			buildConfigurations = (
				5A4C39391D1BFFF3009DEB65 /* Debug */,
				5A4C393A1D1BFFF3009DEB65 /* Release */,
			);
			defaultConfigurationIsVisible = 0;
			defaultConfigurationName = Release;
		};
		5ABC40AF1CF539C200CC65A2 /* Build configuration list for PBXProject "KernLabel" */ = {
			isa = XCConfigurationList;
			buildConfigurations = (
				5ABC40BB1CF539C200CC65A2 /* Debug */,
				5ABC40BC1CF539C200CC65A2 /* Release */,
			);
			defaultConfigurationIsVisible = 0;
			defaultConfigurationName = Release;
		};
		5ABC40BD1CF539C200CC65A2 /* Build configuration list for PBXNativeTarget "KernLabel" */ = {
			isa = XCConfigurationList;
			buildConfigurations = (
				5ABC40BE1CF539C200CC65A2 /* Debug */,
				5ABC40BF1CF539C200CC65A2 /* Release */,
			);
			defaultConfigurationIsVisible = 0;
			defaultConfigurationName = Release;
		};
/* End XCConfigurationList section */
	};
	rootObject = 5ABC40AC1CF539C200CC65A2 /* Project object */;
}
